
Microsoft Visual Studio Solution File, Format Version 12.00
# Visual Studio Version 16
VisualStudioVersion = 16.0.29728.190
MinimumVisualStudioVersion = 10.0.40219.1
Project("{9A19103F-16F7-4668-BE54-9A1E7A4F7556}") = "LunarSports", "LunarSports.csproj", "{0A25807B-D55B-45EC-A85F-6F3CE8420080}"
EndProject
Global
	GlobalSection(SolutionConfigurationPlatforms) = preSolution
		Debug|Any CPU = Debug|Any CPU
		Release|Any CPU = Release|Any CPU
	EndGlobalSection
	GlobalSection(ProjectConfigurationPlatforms) = postSolution
		{0A25807B-D55B-45EC-A85F-6F3CE8420080}.Debug|Any CPU.ActiveCfg = Debug|Any CPU
		{0A25807B-D55B-45EC-A85F-6F3CE8420080}.Debug|Any CPU.Build.0 = Debug|Any CPU
		{0A25807B-D55B-45EC-A85F-6F3CE8420080}.Release|Any CPU.ActiveCfg = Release|Any CPU
		{0A25807B-D55B-45EC-A85F-6F3CE8420080}.Release|Any CPU.Build.0 = Release|Any CPU
	EndGlobalSection
	GlobalSection(SolutionProperties) = preSolution
		HideSolutionNode = FALSE
	EndGlobalSection
	GlobalSection(ExtensibilityGlobals) = postSolution
		SolutionGuid = {2E001D80-1B58-4C58-B697-5C10D236C614}
	EndGlobalSection
EndGlobal
